
Microsoft Visual Studio Solution File, Format Version 12.00
# Visual Studio 15
VisualStudioVersion = 15.0.28307.779
MinimumVisualStudioVersion = 10.0.40219.1
Project("{FAE04EC0-301F-11D3-BF4B-00C04F79EFBC}") = "ConsoleUI", "ConsoleUI\ConsoleUI.csproj", "{F5CEDBEF-01B7-4DD9-BFAB-04C01A5E63DC}"
EndProject
Project("{FAE04EC0-301F-11D3-BF4B-00C04F79EFBC}") = "GarageLogic", "GarageLogic\GarageLogic.csproj", "{DBF7E544-7010-47BC-B3E0-22CAC0D42C16}"
EndProject
Project("{2150E333-8FDC-42A3-9474-1A3956D46DE8}") = "Solution Items", "Solution Items", "{7AC09979-5A98-4596-ABAF-ED6D112F4ED9}"
EndProject
Global
	GlobalSection(SolutionConfigurationPlatforms) = preSolution
		Debug|Any CPU = Debug|Any CPU
		Release|Any CPU = Release|Any CPU
	EndGlobalSection
	GlobalSection(ProjectConfigurationPlatforms) = postSolution
		{F5CEDBEF-01B7-4DD9-BFAB-04C01A5E63DC}.Debug|Any CPU.ActiveCfg = Debug|Any CPU
		{F5CEDBEF-01B7-4DD9-BFAB-04C01A5E63DC}.Debug|Any CPU.Build.0 = Debug|Any CPU
		{F5CEDBEF-01B7-4DD9-BFAB-04C01A5E63DC}.Release|Any CPU.ActiveCfg = Release|Any CPU
		{F5CEDBEF-01B7-4DD9-BFAB-04C01A5E63DC}.Release|Any CPU.Build.0 = Release|Any CPU
		{DBF7E544-7010-47BC-B3E0-22CAC0D42C16}.Debug|Any CPU.ActiveCfg = Debug|Any CPU
		{DBF7E544-7010-47BC-B3E0-22CAC0D42C16}.Debug|Any CPU.Build.0 = Debug|Any CPU
		{DBF7E544-7010-47BC-B3E0-22CAC0D42C16}.Release|Any CPU.ActiveCfg = Release|Any CPU
		{DBF7E544-7010-47BC-B3E0-22CAC0D42C16}.Release|Any CPU.Build.0 = Release|Any CPU
	EndGlobalSection
	GlobalSection(SolutionProperties) = preSolution
		HideSolutionNode = FALSE
	EndGlobalSection
	GlobalSection(ExtensibilityGlobals) = postSolution
		SolutionGuid = {439DFD3D-A195-43CA-B41B-71BC8A3B5D0F}
	EndGlobalSection
EndGlobal
